
Microsoft Visual Studio Solution File, Format Version 12.00
# Visual Studio Version 16
VisualStudioVersion = 16.0.32901.82
MinimumVisualStudioVersion = 10.0.40219.1
Project("{FAE04EC0-301F-11D3-BF4B-00C04F79EFBC}") = "Tema2-FormatoTexto", "Tema2-FormatoTexto\Tema2-FormatoTexto.csproj", "{F6E09220-8052-4BAB-8A25-A5F185C9F819}"
EndProject
Global
	GlobalSection(SolutionConfigurationPlatforms) = preSolution
		Debug|Any CPU = Debug|Any CPU
		Release|Any CPU = Release|Any CPU
	EndGlobalSection
	GlobalSection(ProjectConfigurationPlatforms) = postSolution
		{F6E09220-8052-4BAB-8A25-A5F185C9F819}.Debug|Any CPU.ActiveCfg = Debug|Any CPU
		{F6E09220-8052-4BAB-8A25-A5F185C9F819}.Debug|Any CPU.Build.0 = Debug|Any CPU
		{F6E09220-8052-4BAB-8A25-A5F185C9F819}.Release|Any CPU.ActiveCfg = Release|Any CPU
		{F6E09220-8052-4BAB-8A25-A5F185C9F819}.Release|Any CPU.Build.0 = Release|Any CPU
	EndGlobalSection
	GlobalSection(SolutionProperties) = preSolution
		HideSolutionNode = FALSE
	EndGlobalSection
	GlobalSection(ExtensibilityGlobals) = postSolution
		SolutionGuid = {E968ABD3-4262-44AD-A710-F39CAC2B61EF}
	EndGlobalSection
EndGlobal
